<Solution>
  <Configurations>
    <Platform Name="Any CPU" />
    <Platform Name="x64" />
    <Platform Name="x86" />
  </Configurations>
  <Project Path="FileControl/FileControl.vcxproj" Id="49a2fb45-ad36-4e8a-a573-453a4be75705" />

  <Project Path="NetworkLib_Native/NetworkLib_Native.vcxproj" Id="f3a7d2e1-8b4c-4f6a-9d2e-1a3b5c7d9e0f">
    <Platform Project="x64" />
  </Project>
  <Project Path="ProcessControl/ProcessControl.vcxproj" Id="2c019956-2481-4105-8cf0-00c336112ac8" />
  <Project Path="ProfessorUI/ProfessorUI.csproj">
    <BuildDependency Project="FileControl/FileControl.vcxproj" />
    <BuildDependency Project="NetworkLib_Native/NetworkLib_Native.vcxproj" />
    <Platform Solution="*|x64" Project="x64" />
  </Project>
  <Project Path="StudentUI/StudentUI.csproj">
    <BuildDependency Project="FileControl/FileControl.vcxproj" />
    <BuildDependency Project="NetworkLib_Native/NetworkLib_Native.vcxproj" />
    <BuildDependency Project="ProcessControl/ProcessControl.vcxproj" />
    <Platform Solution="*|x64" Project="x64" />
  </Project>
</Solution>