<Solution>
  <Configurations>
    <Platform Name="Any CPU" />
    <Platform Name="x64" />
    <Platform Name="x86" />
  </Configurations>
  <Project Path="NetworkLib/NetworkLib.csproj" />
  <Project Path="NetworkLib_Native/NetworkLib_Native.vcxproj" Id="f3a7d2e1-8b4c-4f6a-9d2e-1a3b5c7d9e0f">
    <Platform Project="x64" />
  </Project>
  <Project Path="ProcessControl/ProcessControl.vcxproj" Id="2c019956-2481-4105-8cf0-00c336112ac8" />
  <Project Path="ProcessControll/ProcessControll.vcxproj" Id="9b7baa44-6f03-4691-845b-e5275670500c" />
  <Project Path="ProcessControlTest/ProcessControlTest.vcxproj" Id="2376ce7c-8c2a-48d9-80ba-353dbaefb803" />
  <Project Path="ProfessorUI/ProfessorUI.csproj">
    <Platform Solution="*|x64" Project="x64" />
  </Project>
  <Project Path="StudentUI/StudentUI.csproj">
    <Platform Solution="*|x64" Project="x64" />
  </Project>
</Solution>
